// !$*UTF8*$!
{
	archiveVersion = 1;
	classes = {
	};
	objectVersion = 56;
	objects = {

/* Begin PBXBuildFile section */
		3C2FE5CE2B4B8F44007F5429 /* EmailPassView.swift in Sources */ = {isa = PBXBuildFile; fileRef = 3C2FE5CD2B4B8F44007F5429 /* EmailPassView.swift */; };
		3C2FE5D02B4CB02C007F5429 /* RateView.swift in Sources */ = {isa = PBXBuildFile; fileRef = 3C2FE5CF2B4CB02B007F5429 /* RateView.swift */; };
		3C2FE5D22B4CB03E007F5429 /* LikesMeView.swift in Sources */ = {isa = PBXBuildFile; fileRef = 3C2FE5D12B4CB03E007F5429 /* LikesMeView.swift */; };
		3C2FE5D42B4CB049007F5429 /* MatchView.swift in Sources */ = {isa = PBXBuildFile; fileRef = 3C2FE5D32B4CB049007F5429 /* MatchView.swift */; };
		3C2FE5D62B4CDA18007F5429 /* Assets.xcassets in Resources */ = {isa = PBXBuildFile; fileRef = 3C2FE5D52B4CDA18007F5429 /* Assets.xcassets */; };
		3C2FE5DD2B4CDC94007F5429 /* Allura-Regular.ttf in Resources */ = {isa = PBXBuildFile; fileRef = 3C2FE5DC2B4CDC94007F5429 /* Allura-Regular.ttf */; };
		3C2FE5E22B4FA7A2007F5429 /* testview.swift in Sources */ = {isa = PBXBuildFile; fileRef = 3C2FE5E12B4FA7A2007F5429 /* testview.swift */; };
		3C5709B42B434C54008CEDF6 /* RatenDateApp.swift in Sources */ = {isa = PBXBuildFile; fileRef = 3C5709B32B434C54008CEDF6 /* RatenDateApp.swift */; };
		3C5709B62B434C54008CEDF6 /* ContentView.swift in Sources */ = {isa = PBXBuildFile; fileRef = 3C5709B52B434C54008CEDF6 /* ContentView.swift */; };
		3C5709BB2B434C56008CEDF6 /* Preview Assets.xcassets in Resources */ = {isa = PBXBuildFile; fileRef = 3C5709BA2B434C56008CEDF6 /* Preview Assets.xcassets */; };
		3C5709C62B4353A6008CEDF6 /* Profile.swift in Sources */ = {isa = PBXBuildFile; fileRef = 3C5709C52B4353A6008CEDF6 /* Profile.swift */; };
		3C5709CC2B435575008CEDF6 /* GenericInfoView.swift in Sources */ = {isa = PBXBuildFile; fileRef = 3C5709CB2B435575008CEDF6 /* GenericInfoView.swift */; };
		3C5709CE2B4355CC008CEDF6 /* DemographicInfoView.swift in Sources */ = {isa = PBXBuildFile; fileRef = 3C5709CD2B4355CC008CEDF6 /* DemographicInfoView.swift */; };
		3C5709D02B4355F2008CEDF6 /* PersonalInfoView.swift in Sources */ = {isa = PBXBuildFile; fileRef = 3C5709CF2B4355F2008CEDF6 /* PersonalInfoView.swift */; };
		3C5709D22B435731008CEDF6 /* SequentialSignUpView.swift in Sources */ = {isa = PBXBuildFile; fileRef = 3C5709D12B435731008CEDF6 /* SequentialSignUpView.swift */; };
		3C5709D52B435C3D008CEDF6 /* FirebaseAnalytics in Frameworks */ = {isa = PBXBuildFile; productRef = 3C5709D42B435C3D008CEDF6 /* FirebaseAnalytics */; };
		3C5709D72B435C3D008CEDF6 /* FirebaseAnalyticsOnDeviceConversion in Frameworks */ = {isa = PBXBuildFile; productRef = 3C5709D62B435C3D008CEDF6 /* FirebaseAnalyticsOnDeviceConversion */; };
		3C5709D92B435C3D008CEDF6 /* FirebaseAnalyticsSwift in Frameworks */ = {isa = PBXBuildFile; productRef = 3C5709D82B435C3D008CEDF6 /* FirebaseAnalyticsSwift */; };
		3C5709DB2B435C3D008CEDF6 /* FirebaseAnalyticsWithoutAdIdSupport in Frameworks */ = {isa = PBXBuildFile; productRef = 3C5709DA2B435C3D008CEDF6 /* FirebaseAnalyticsWithoutAdIdSupport */; };
		3C5709DD2B435C3D008CEDF6 /* FirebaseAppCheck in Frameworks */ = {isa = PBXBuildFile; productRef = 3C5709DC2B435C3D008CEDF6 /* FirebaseAppCheck */; };
		3C5709E12B435F64008CEDF6 /* FirebaseAnalytics in Frameworks */ = {isa = PBXBuildFile; productRef = 3C5709E02B435F64008CEDF6 /* FirebaseAnalytics */; };
		3C5709E32B435F64008CEDF6 /* FirebaseAnalyticsOnDeviceConversion in Frameworks */ = {isa = PBXBuildFile; productRef = 3C5709E22B435F64008CEDF6 /* FirebaseAnalyticsOnDeviceConversion */; };
		3C5709E52B435F64008CEDF6 /* FirebaseAnalyticsSwift in Frameworks */ = {isa = PBXBuildFile; productRef = 3C5709E42B435F64008CEDF6 /* FirebaseAnalyticsSwift */; };
		3C5709E72B435F64008CEDF6 /* FirebaseAnalyticsWithoutAdIdSupport in Frameworks */ = {isa = PBXBuildFile; productRef = 3C5709E62B435F64008CEDF6 /* FirebaseAnalyticsWithoutAdIdSupport */; };
		3C5709E92B435F64008CEDF6 /* FirebaseAppCheck in Frameworks */ = {isa = PBXBuildFile; productRef = 3C5709E82B435F64008CEDF6 /* FirebaseAppCheck */; };
		3C5709EB2B435FB2008CEDF6 /* FirebaseAnalytics in Frameworks */ = {isa = PBXBuildFile; productRef = 3C5709EA2B435FB2008CEDF6 /* FirebaseAnalytics */; };
		3C5709ED2B435FB2008CEDF6 /* FirebaseAnalyticsOnDeviceConversion in Frameworks */ = {isa = PBXBuildFile; productRef = 3C5709EC2B435FB2008CEDF6 /* FirebaseAnalyticsOnDeviceConversion */; };
		3C5709EF2B435FB2008CEDF6 /* FirebaseAnalyticsSwift in Frameworks */ = {isa = PBXBuildFile; productRef = 3C5709EE2B435FB2008CEDF6 /* FirebaseAnalyticsSwift */; };
		3C5709F12B435FB2008CEDF6 /* FirebaseAnalyticsWithoutAdIdSupport in Frameworks */ = {isa = PBXBuildFile; productRef = 3C5709F02B435FB2008CEDF6 /* FirebaseAnalyticsWithoutAdIdSupport */; };
		3C5709F32B435FB2008CEDF6 /* FirebaseAppCheck in Frameworks */ = {isa = PBXBuildFile; productRef = 3C5709F22B435FB2008CEDF6 /* FirebaseAppCheck */; };
		3C5709F52B435FB2008CEDF6 /* FirebaseAppDistribution-Beta in Frameworks */ = {isa = PBXBuildFile; productRef = 3C5709F42B435FB2008CEDF6 /* FirebaseAppDistribution-Beta */; };
		3C5709F72B435FB2008CEDF6 /* FirebaseAuth in Frameworks */ = {isa = PBXBuildFile; productRef = 3C5709F62B435FB2008CEDF6 /* FirebaseAuth */; };
		3C5709F92B435FB2008CEDF6 /* FirebaseAuthCombine-Community in Frameworks */ = {isa = PBXBuildFile; productRef = 3C5709F82B435FB2008CEDF6 /* FirebaseAuthCombine-Community */; };
		3C5709FB2B435FB2008CEDF6 /* FirebaseCrashlytics in Frameworks */ = {isa = PBXBuildFile; productRef = 3C5709FA2B435FB2008CEDF6 /* FirebaseCrashlytics */; };
		3C5709FD2B435FB2008CEDF6 /* FirebaseDatabase in Frameworks */ = {isa = PBXBuildFile; productRef = 3C5709FC2B435FB2008CEDF6 /* FirebaseDatabase */; };
		3C5709FF2B435FB2008CEDF6 /* FirebaseDatabaseSwift in Frameworks */ = {isa = PBXBuildFile; productRef = 3C5709FE2B435FB2008CEDF6 /* FirebaseDatabaseSwift */; };
		3C570A012B435FB2008CEDF6 /* FirebaseDynamicLinks in Frameworks */ = {isa = PBXBuildFile; productRef = 3C570A002B435FB2008CEDF6 /* FirebaseDynamicLinks */; };
		3C570A032B435FB2008CEDF6 /* FirebaseFirestore in Frameworks */ = {isa = PBXBuildFile; productRef = 3C570A022B435FB2008CEDF6 /* FirebaseFirestore */; };
		3C570A052B435FB2008CEDF6 /* FirebaseFirestoreCombine-Community in Frameworks */ = {isa = PBXBuildFile; productRef = 3C570A042B435FB2008CEDF6 /* FirebaseFirestoreCombine-Community */; };
		3C570A072B435FB2008CEDF6 /* FirebaseFirestoreSwift in Frameworks */ = {isa = PBXBuildFile; productRef = 3C570A062B435FB2008CEDF6 /* FirebaseFirestoreSwift */; };
		3C570A092B435FB2008CEDF6 /* FirebaseFunctions in Frameworks */ = {isa = PBXBuildFile; productRef = 3C570A082B435FB2008CEDF6 /* FirebaseFunctions */; };
		3C570A0B2B435FB2008CEDF6 /* FirebaseFunctionsCombine-Community in Frameworks */ = {isa = PBXBuildFile; productRef = 3C570A0A2B435FB2008CEDF6 /* FirebaseFunctionsCombine-Community */; };
		3C570A0D2B435FB2008CEDF6 /* FirebaseInAppMessaging-Beta in Frameworks */ = {isa = PBXBuildFile; productRef = 3C570A0C2B435FB2008CEDF6 /* FirebaseInAppMessaging-Beta */; };
		3C570A0F2B435FB2008CEDF6 /* FirebaseInAppMessagingSwift-Beta in Frameworks */ = {isa = PBXBuildFile; productRef = 3C570A0E2B435FB2008CEDF6 /* FirebaseInAppMessagingSwift-Beta */; };
		3C570A112B435FB2008CEDF6 /* FirebaseInstallations in Frameworks */ = {isa = PBXBuildFile; productRef = 3C570A102B435FB2008CEDF6 /* FirebaseInstallations */; };
		3C570A132B435FB2008CEDF6 /* FirebaseMLModelDownloader in Frameworks */ = {isa = PBXBuildFile; productRef = 3C570A122B435FB2008CEDF6 /* FirebaseMLModelDownloader */; };
		3C570A152B435FB2008CEDF6 /* FirebaseMessaging in Frameworks */ = {isa = PBXBuildFile; productRef = 3C570A142B435FB2008CEDF6 /* FirebaseMessaging */; };
		3C570A172B435FB2008CEDF6 /* FirebasePerformance in Frameworks */ = {isa = PBXBuildFile; productRef = 3C570A162B435FB2008CEDF6 /* FirebasePerformance */; };
		3C570A192B435FB2008CEDF6 /* FirebaseRemoteConfig in Frameworks */ = {isa = PBXBuildFile; productRef = 3C570A182B435FB2008CEDF6 /* FirebaseRemoteConfig */; };
		3C570A1B2B435FB2008CEDF6 /* FirebaseRemoteConfigSwift in Frameworks */ = {isa = PBXBuildFile; productRef = 3C570A1A2B435FB2008CEDF6 /* FirebaseRemoteConfigSwift */; };
		3C570A1D2B435FB2008CEDF6 /* FirebaseStorage in Frameworks */ = {isa = PBXBuildFile; productRef = 3C570A1C2B435FB2008CEDF6 /* FirebaseStorage */; };
		3C570A1F2B435FB2008CEDF6 /* FirebaseStorageCombine-Community in Frameworks */ = {isa = PBXBuildFile; productRef = 3C570A1E2B435FB2008CEDF6 /* FirebaseStorageCombine-Community */; };
		3C570A252B43C4B7008CEDF6 /* PhotoUploadView.swift in Sources */ = {isa = PBXBuildFile; fileRef = 3C570A242B43C4B7008CEDF6 /* PhotoUploadView.swift */; };
		3C570A292B43D054008CEDF6 /* ImagePicker.swift in Sources */ = {isa = PBXBuildFile; fileRef = 3C570A282B43D054008CEDF6 /* ImagePicker.swift */; };
		3C570A4F2B44F71C008CEDF6 /* LocationManager.swift in Sources */ = {isa = PBXBuildFile; fileRef = 3C570A4E2B44F71C008CEDF6 /* LocationManager.swift */; };
		3C7E102D2B45C11B00C3E663 /* FirebaseService.swift in Sources */ = {isa = PBXBuildFile; fileRef = 3C7E102C2B45C11B00C3E663 /* FirebaseService.swift */; };
		3C7E102F2B45C18700C3E663 /* RetrievedProfile.swift in Sources */ = {isa = PBXBuildFile; fileRef = 3C7E102E2B45C18700C3E663 /* RetrievedProfile.swift */; };
		3C7E10312B45C2D500C3E663 /* ProfileView.swift in Sources */ = {isa = PBXBuildFile; fileRef = 3C7E10302B45C2D500C3E663 /* ProfileView.swift */; };
		3C7E10332B45C42A00C3E663 /* ProfileStackView.swift in Sources */ = {isa = PBXBuildFile; fileRef = 3C7E10322B45C42A00C3E663 /* ProfileStackView.swift */; };
		3C7E10352B46422900C3E663 /* LoginView.swift in Sources */ = {isa = PBXBuildFile; fileRef = 3C7E10342B46422900C3E663 /* LoginView.swift */; };
		3C7E10392B4868D100C3E663 /* GoogleService-Info.plist in Resources */ = {isa = PBXBuildFile; fileRef = 3C7E10382B4868D100C3E663 /* GoogleService-Info.plist */; };
		3C7E103B2B48E0F100C3E663 /* UserSessionManager.swift in Sources */ = {isa = PBXBuildFile; fileRef = 3C7E103A2B48E0F100C3E663 /* UserSessionManager.swift */; };
		3C7E103D2B48E2BB00C3E663 /* SettingsView.swift in Sources */ = {isa = PBXBuildFile; fileRef = 3C7E103C2B48E2BB00C3E663 /* SettingsView.swift */; };
		3C7E103F2B48E2EA00C3E663 /* MainTabView.swift in Sources */ = {isa = PBXBuildFile; fileRef = 3C7E103E2B48E2EA00C3E663 /* MainTabView.swift */; };
		3C7E10412B49241900C3E663 /* LoadingView.swift in Sources */ = {isa = PBXBuildFile; fileRef = 3C7E10402B49241900C3E663 /* LoadingView.swift */; };
/* End PBXBuildFile section */

/* Begin PBXFileReference section */
		3C2FE5CD2B4B8F44007F5429 /* EmailPassView.swift */ = {isa = PBXFileReference; lastKnownFileType = sourcecode.swift; path = EmailPassView.swift; sourceTree = "<group>"; };
		3C2FE5CF2B4CB02B007F5429 /* RateView.swift */ = {isa = PBXFileReference; lastKnownFileType = sourcecode.swift; path = RateView.swift; sourceTree = "<group>"; };
		3C2FE5D12B4CB03E007F5429 /* LikesMeView.swift */ = {isa = PBXFileReference; lastKnownFileType = sourcecode.swift; path = LikesMeView.swift; sourceTree = "<group>"; };
		3C2FE5D32B4CB049007F5429 /* MatchView.swift */ = {isa = PBXFileReference; lastKnownFileType = sourcecode.swift; path = MatchView.swift; sourceTree = "<group>"; };
		3C2FE5D52B4CDA18007F5429 /* Assets.xcassets */ = {isa = PBXFileReference; lastKnownFileType = folder.assetcatalog; path = Assets.xcassets; sourceTree = "<group>"; };
		3C2FE5DC2B4CDC94007F5429 /* Allura-Regular.ttf */ = {isa = PBXFileReference; lastKnownFileType = file; path = "Allura-Regular.ttf"; sourceTree = "<group>"; };
		3C2FE5DE2B4CDC99007F5429 /* Nunito-Black.ttf */ = {isa = PBXFileReference; lastKnownFileType = file; path = "Nunito-Black.ttf"; sourceTree = "<group>"; };
		3C2FE5E12B4FA7A2007F5429 /* testview.swift */ = {isa = PBXFileReference; lastKnownFileType = sourcecode.swift; path = testview.swift; sourceTree = "<group>"; };
		3C5709B02B434C54008CEDF6 /* RatenDate.app */ = {isa = PBXFileReference; explicitFileType = wrapper.application; includeInIndex = 0; path = RatenDate.app; sourceTree = BUILT_PRODUCTS_DIR; };
		3C5709B32B434C54008CEDF6 /* RatenDateApp.swift */ = {isa = PBXFileReference; lastKnownFileType = sourcecode.swift; path = RatenDateApp.swift; sourceTree = "<group>"; };
		3C5709B52B434C54008CEDF6 /* ContentView.swift */ = {isa = PBXFileReference; lastKnownFileType = sourcecode.swift; path = ContentView.swift; sourceTree = "<group>"; };
		3C5709BA2B434C56008CEDF6 /* Preview Assets.xcassets */ = {isa = PBXFileReference; lastKnownFileType = folder.assetcatalog; path = "Preview Assets.xcassets"; sourceTree = "<group>"; };
		3C5709C52B4353A6008CEDF6 /* Profile.swift */ = {isa = PBXFileReference; lastKnownFileType = sourcecode.swift; path = Profile.swift; sourceTree = "<group>"; };
		3C5709CB2B435575008CEDF6 /* GenericInfoView.swift */ = {isa = PBXFileReference; lastKnownFileType = sourcecode.swift; path = GenericInfoView.swift; sourceTree = "<group>"; };
		3C5709CD2B4355CC008CEDF6 /* DemographicInfoView.swift */ = {isa = PBXFileReference; lastKnownFileType = sourcecode.swift; path = DemographicInfoView.swift; sourceTree = "<group>"; };
		3C5709CF2B4355F2008CEDF6 /* PersonalInfoView.swift */ = {isa = PBXFileReference; lastKnownFileType = sourcecode.swift; path = PersonalInfoView.swift; sourceTree = "<group>"; };
		3C5709D12B435731008CEDF6 /* SequentialSignUpView.swift */ = {isa = PBXFileReference; lastKnownFileType = sourcecode.swift; path = SequentialSignUpView.swift; sourceTree = "<group>"; };
		3C570A242B43C4B7008CEDF6 /* PhotoUploadView.swift */ = {isa = PBXFileReference; lastKnownFileType = sourcecode.swift; path = PhotoUploadView.swift; sourceTree = "<group>"; };
		3C570A282B43D054008CEDF6 /* ImagePicker.swift */ = {isa = PBXFileReference; lastKnownFileType = sourcecode.swift; path = ImagePicker.swift; sourceTree = "<group>"; };
		3C570A4E2B44F71C008CEDF6 /* LocationManager.swift */ = {isa = PBXFileReference; lastKnownFileType = sourcecode.swift; path = LocationManager.swift; sourceTree = "<group>"; };
		3C570A502B44FFF0008CEDF6 /* Info.plist */ = {isa = PBXFileReference; lastKnownFileType = text.plist; path = Info.plist; sourceTree = "<group>"; };
		3C7E102C2B45C11B00C3E663 /* FirebaseService.swift */ = {isa = PBXFileReference; lastKnownFileType = sourcecode.swift; path = FirebaseService.swift; sourceTree = "<group>"; };
		3C7E102E2B45C18700C3E663 /* RetrievedProfile.swift */ = {isa = PBXFileReference; lastKnownFileType = sourcecode.swift; path = RetrievedProfile.swift; sourceTree = "<group>"; };
		3C7E10302B45C2D500C3E663 /* ProfileView.swift */ = {isa = PBXFileReference; lastKnownFileType = sourcecode.swift; path = ProfileView.swift; sourceTree = "<group>"; };
		3C7E10322B45C42A00C3E663 /* ProfileStackView.swift */ = {isa = PBXFileReference; lastKnownFileType = sourcecode.swift; path = ProfileStackView.swift; sourceTree = "<group>"; };
		3C7E10342B46422900C3E663 /* LoginView.swift */ = {isa = PBXFileReference; lastKnownFileType = sourcecode.swift; path = LoginView.swift; sourceTree = "<group>"; };
		3C7E10382B4868D100C3E663 /* GoogleService-Info.plist */ = {isa = PBXFileReference; fileEncoding = 4; lastKnownFileType = text.plist.xml; path = "GoogleService-Info.plist"; sourceTree = "<group>"; };
		3C7E103A2B48E0F100C3E663 /* UserSessionManager.swift */ = {isa = PBXFileReference; lastKnownFileType = sourcecode.swift; path = UserSessionManager.swift; sourceTree = "<group>"; };
		3C7E103C2B48E2BB00C3E663 /* SettingsView.swift */ = {isa = PBXFileReference; lastKnownFileType = sourcecode.swift; path = SettingsView.swift; sourceTree = "<group>"; };
		3C7E103E2B48E2EA00C3E663 /* MainTabView.swift */ = {isa = PBXFileReference; lastKnownFileType = sourcecode.swift; path = MainTabView.swift; sourceTree = "<group>"; };
		3C7E10402B49241900C3E663 /* LoadingView.swift */ = {isa = PBXFileReference; lastKnownFileType = sourcecode.swift; path = LoadingView.swift; sourceTree = "<group>"; };
/* End PBXFileReference section */

/* Begin PBXFrameworksBuildPhase section */
		3C5709AD2B434C54008CEDF6 /* Frameworks */ = {
			isa = PBXFrameworksBuildPhase;
			buildActionMask = 2147483647;
			files = (
				3C570A132B435FB2008CEDF6 /* FirebaseMLModelDownloader in Frameworks */,
				3C5709FF2B435FB2008CEDF6 /* FirebaseDatabaseSwift in Frameworks */,
				3C570A012B435FB2008CEDF6 /* FirebaseDynamicLinks in Frameworks */,
				3C5709D92B435C3D008CEDF6 /* FirebaseAnalyticsSwift in Frameworks */,
				3C5709F92B435FB2008CEDF6 /* FirebaseAuthCombine-Community in Frameworks */,
				3C5709D52B435C3D008CEDF6 /* FirebaseAnalytics in Frameworks */,
				3C570A072B435FB2008CEDF6 /* FirebaseFirestoreSwift in Frameworks */,
				3C5709F72B435FB2008CEDF6 /* FirebaseAuth in Frameworks */,
				3C5709E12B435F64008CEDF6 /* FirebaseAnalytics in Frameworks */,
				3C5709E32B435F64008CEDF6 /* FirebaseAnalyticsOnDeviceConversion in Frameworks */,
				3C570A112B435FB2008CEDF6 /* FirebaseInstallations in Frameworks */,
				3C570A172B435FB2008CEDF6 /* FirebasePerformance in Frameworks */,
				3C570A092B435FB2008CEDF6 /* FirebaseFunctions in Frameworks */,
				3C5709E52B435F64008CEDF6 /* FirebaseAnalyticsSwift in Frameworks */,
				3C570A052B435FB2008CEDF6 /* FirebaseFirestoreCombine-Community in Frameworks */,
				3C5709D72B435C3D008CEDF6 /* FirebaseAnalyticsOnDeviceConversion in Frameworks */,
				3C5709EB2B435FB2008CEDF6 /* FirebaseAnalytics in Frameworks */,
				3C570A1B2B435FB2008CEDF6 /* FirebaseRemoteConfigSwift in Frameworks */,
				3C570A152B435FB2008CEDF6 /* FirebaseMessaging in Frameworks */,
				3C5709F52B435FB2008CEDF6 /* FirebaseAppDistribution-Beta in Frameworks */,
				3C570A0D2B435FB2008CEDF6 /* FirebaseInAppMessaging-Beta in Frameworks */,
				3C5709FD2B435FB2008CEDF6 /* FirebaseDatabase in Frameworks */,
				3C570A192B435FB2008CEDF6 /* FirebaseRemoteConfig in Frameworks */,
				3C570A1F2B435FB2008CEDF6 /* FirebaseStorageCombine-Community in Frameworks */,
				3C5709ED2B435FB2008CEDF6 /* FirebaseAnalyticsOnDeviceConversion in Frameworks */,
				3C5709DD2B435C3D008CEDF6 /* FirebaseAppCheck in Frameworks */,
				3C570A032B435FB2008CEDF6 /* FirebaseFirestore in Frameworks */,
				3C570A0F2B435FB2008CEDF6 /* FirebaseInAppMessagingSwift-Beta in Frameworks */,
				3C5709EF2B435FB2008CEDF6 /* FirebaseAnalyticsSwift in Frameworks */,
				3C570A0B2B435FB2008CEDF6 /* FirebaseFunctionsCombine-Community in Frameworks */,
				3C570A1D2B435FB2008CEDF6 /* FirebaseStorage in Frameworks */,
				3C5709E72B435F64008CEDF6 /* FirebaseAnalyticsWithoutAdIdSupport in Frameworks */,
				3C5709FB2B435FB2008CEDF6 /* FirebaseCrashlytics in Frameworks */,
				3C5709F12B435FB2008CEDF6 /* FirebaseAnalyticsWithoutAdIdSupport in Frameworks */,
				3C5709E92B435F64008CEDF6 /* FirebaseAppCheck in Frameworks */,
				3C5709F32B435FB2008CEDF6 /* FirebaseAppCheck in Frameworks */,
				3C5709DB2B435C3D008CEDF6 /* FirebaseAnalyticsWithoutAdIdSupport in Frameworks */,
			);
			runOnlyForDeploymentPostprocessing = 0;
		};
/* End PBXFrameworksBuildPhase section */

/* Begin PBXGroup section */
		3C2FE5DB2B4CDC84007F5429 /* Font */ = {
			isa = PBXGroup;
			children = (
				3C2FE5DC2B4CDC94007F5429 /* Allura-Regular.ttf */,
				3C2FE5DE2B4CDC99007F5429 /* Nunito-Black.ttf */,
			);
			path = Font;
			sourceTree = "<group>";
		};
		3C5709A72B434C54008CEDF6 = {
			isa = PBXGroup;
			children = (
				3C5709B22B434C54008CEDF6 /* RatenDate */,
				3C5709B12B434C54008CEDF6 /* Products */,
			);
			sourceTree = "<group>";
		};
		3C5709B12B434C54008CEDF6 /* Products */ = {
			isa = PBXGroup;
			children = (
				3C5709B02B434C54008CEDF6 /* RatenDate.app */,
			);
			name = Products;
			sourceTree = "<group>";
		};
		3C5709B22B434C54008CEDF6 /* RatenDate */ = {
			isa = PBXGroup;
			children = (
				3C2FE5DB2B4CDC84007F5429 /* Font */,
				3C2FE5D52B4CDA18007F5429 /* Assets.xcassets */,
				3C5709C42B435374008CEDF6 /* Models */,
				3C5709C12B434D48008CEDF6 /* Views */,
				3C5709B32B434C54008CEDF6 /* RatenDateApp.swift */,
				3C7E10382B4868D100C3E663 /* GoogleService-Info.plist */,
				3C570A502B44FFF0008CEDF6 /* Info.plist */,
				3C5709B92B434C56008CEDF6 /* Preview Content */,
			);
			path = RatenDate;
			sourceTree = "<group>";
		};
		3C5709B92B434C56008CEDF6 /* Preview Content */ = {
			isa = PBXGroup;
			children = (
				3C5709BA2B434C56008CEDF6 /* Preview Assets.xcassets */,
			);
			path = "Preview Content";
			sourceTree = "<group>";
		};
		3C5709C12B434D48008CEDF6 /* Views */ = {
			isa = PBXGroup;
			children = (
				3C5709B52B434C54008CEDF6 /* ContentView.swift */,
				3C5709CB2B435575008CEDF6 /* GenericInfoView.swift */,
				3C5709CD2B4355CC008CEDF6 /* DemographicInfoView.swift */,
				3C5709CF2B4355F2008CEDF6 /* PersonalInfoView.swift */,
				3C5709D12B435731008CEDF6 /* SequentialSignUpView.swift */,
				3C570A242B43C4B7008CEDF6 /* PhotoUploadView.swift */,
				3C7E10302B45C2D500C3E663 /* ProfileView.swift */,
				3C7E10322B45C42A00C3E663 /* ProfileStackView.swift */,
				3C7E10342B46422900C3E663 /* LoginView.swift */,
				3C7E103C2B48E2BB00C3E663 /* SettingsView.swift */,
				3C7E103E2B48E2EA00C3E663 /* MainTabView.swift */,
				3C7E10402B49241900C3E663 /* LoadingView.swift */,
				3C2FE5CD2B4B8F44007F5429 /* EmailPassView.swift */,
				3C2FE5CF2B4CB02B007F5429 /* RateView.swift */,
				3C2FE5D12B4CB03E007F5429 /* LikesMeView.swift */,
				3C2FE5D32B4CB049007F5429 /* MatchView.swift */,
				3C2FE5E12B4FA7A2007F5429 /* testview.swift */,
			);
			path = Views;
			sourceTree = "<group>";
		};
		3C5709C42B435374008CEDF6 /* Models */ = {
			isa = PBXGroup;
			children = (
				3C5709C52B4353A6008CEDF6 /* Profile.swift */,
				3C570A282B43D054008CEDF6 /* ImagePicker.swift */,
				3C570A4E2B44F71C008CEDF6 /* LocationManager.swift */,
				3C7E102C2B45C11B00C3E663 /* FirebaseService.swift */,
				3C7E102E2B45C18700C3E663 /* RetrievedProfile.swift */,
				3C7E103A2B48E0F100C3E663 /* UserSessionManager.swift */,
			);
			path = Models;
			sourceTree = "<group>";
		};
/* End PBXGroup section */

/* Begin PBXNativeTarget section */
		3C5709AF2B434C54008CEDF6 /* RatenDate */ = {
			isa = PBXNativeTarget;
			buildConfigurationList = 3C5709BE2B434C56008CEDF6 /* Build configuration list for PBXNativeTarget "RatenDate" */;
			buildPhases = (
				3C5709AC2B434C54008CEDF6 /* Sources */,
				3C5709AD2B434C54008CEDF6 /* Frameworks */,
				3C5709AE2B434C54008CEDF6 /* Resources */,
			);
			buildRules = (
			);
			dependencies = (
			);
			name = RatenDate;
			packageProductDependencies = (
				3C5709D42B435C3D008CEDF6 /* FirebaseAnalytics */,
				3C5709D62B435C3D008CEDF6 /* FirebaseAnalyticsOnDeviceConversion */,
				3C5709D82B435C3D008CEDF6 /* FirebaseAnalyticsSwift */,
				3C5709DA2B435C3D008CEDF6 /* FirebaseAnalyticsWithoutAdIdSupport */,
				3C5709DC2B435C3D008CEDF6 /* FirebaseAppCheck */,
				3C5709E02B435F64008CEDF6 /* FirebaseAnalytics */,
				3C5709E22B435F64008CEDF6 /* FirebaseAnalyticsOnDeviceConversion */,
				3C5709E42B435F64008CEDF6 /* FirebaseAnalyticsSwift */,
				3C5709E62B435F64008CEDF6 /* FirebaseAnalyticsWithoutAdIdSupport */,
				3C5709E82B435F64008CEDF6 /* FirebaseAppCheck */,
				3C5709EA2B435FB2008CEDF6 /* FirebaseAnalytics */,
				3C5709EC2B435FB2008CEDF6 /* FirebaseAnalyticsOnDeviceConversion */,
				3C5709EE2B435FB2008CEDF6 /* FirebaseAnalyticsSwift */,
				3C5709F02B435FB2008CEDF6 /* FirebaseAnalyticsWithoutAdIdSupport */,
				3C5709F22B435FB2008CEDF6 /* FirebaseAppCheck */,
				3C5709F42B435FB2008CEDF6 /* FirebaseAppDistribution-Beta */,
				3C5709F62B435FB2008CEDF6 /* FirebaseAuth */,
				3C5709F82B435FB2008CEDF6 /* FirebaseAuthCombine-Community */,
				3C5709FA2B435FB2008CEDF6 /* FirebaseCrashlytics */,
				3C5709FC2B435FB2008CEDF6 /* FirebaseDatabase */,
				3C5709FE2B435FB2008CEDF6 /* FirebaseDatabaseSwift */,
				3C570A002B435FB2008CEDF6 /* FirebaseDynamicLinks */,
				3C570A022B435FB2008CEDF6 /* FirebaseFirestore */,
				3C570A042B435FB2008CEDF6 /* FirebaseFirestoreCombine-Community */,
				3C570A062B435FB2008CEDF6 /* FirebaseFirestoreSwift */,
				3C570A082B435FB2008CEDF6 /* FirebaseFunctions */,
				3C570A0A2B435FB2008CEDF6 /* FirebaseFunctionsCombine-Community */,
				3C570A0C2B435FB2008CEDF6 /* FirebaseInAppMessaging-Beta */,
				3C570A0E2B435FB2008CEDF6 /* FirebaseInAppMessagingSwift-Beta */,
				3C570A102B435FB2008CEDF6 /* FirebaseInstallations */,
				3C570A122B435FB2008CEDF6 /* FirebaseMLModelDownloader */,
				3C570A142B435FB2008CEDF6 /* FirebaseMessaging */,
				3C570A162B435FB2008CEDF6 /* FirebasePerformance */,
				3C570A182B435FB2008CEDF6 /* FirebaseRemoteConfig */,
				3C570A1A2B435FB2008CEDF6 /* FirebaseRemoteConfigSwift */,
				3C570A1C2B435FB2008CEDF6 /* FirebaseStorage */,
				3C570A1E2B435FB2008CEDF6 /* FirebaseStorageCombine-Community */,
			);
			productName = RatenDate;
			productReference = 3C5709B02B434C54008CEDF6 /* RatenDate.app */;
			productType = "com.apple.product-type.application";
		};
/* End PBXNativeTarget section */

/* Begin PBXProject section */
		3C5709A82B434C54008CEDF6 /* Project object */ = {
			isa = PBXProject;
			attributes = {
				BuildIndependentTargetsInParallel = 1;
				LastSwiftUpdateCheck = 1510;
				LastUpgradeCheck = 1510;
				TargetAttributes = {
					3C5709AF2B434C54008CEDF6 = {
						CreatedOnToolsVersion = 15.1;
					};
				};
			};
			buildConfigurationList = 3C5709AB2B434C54008CEDF6 /* Build configuration list for PBXProject "RatenDate" */;
			compatibilityVersion = "Xcode 14.0";
			developmentRegion = en;
			hasScannedForEncodings = 0;
			knownRegions = (
				en,
				Base,
			);
			mainGroup = 3C5709A72B434C54008CEDF6;
			packageReferences = (
				3C5709D32B435C3D008CEDF6 /* XCRemoteSwiftPackageReference "firebase-ios-sdk" */,
			);
			productRefGroup = 3C5709B12B434C54008CEDF6 /* Products */;
			projectDirPath = "";
			projectRoot = "";
			targets = (
				3C5709AF2B434C54008CEDF6 /* RatenDate */,
			);
		};
/* End PBXProject section */

/* Begin PBXResourcesBuildPhase section */
		3C5709AE2B434C54008CEDF6 /* Resources */ = {
			isa = PBXResourcesBuildPhase;
			buildActionMask = 2147483647;
			files = (
				3C2FE5DD2B4CDC94007F5429 /* Allura-Regular.ttf in Resources */,
				3C5709BB2B434C56008CEDF6 /* Preview Assets.xcassets in Resources */,
				3C2FE5D62B4CDA18007F5429 /* Assets.xcassets in Resources */,
				3C7E10392B4868D100C3E663 /* GoogleService-Info.plist in Resources */,
			);
			runOnlyForDeploymentPostprocessing = 0;
		};
/* End PBXResourcesBuildPhase section */

/* Begin PBXSourcesBuildPhase section */
		3C5709AC2B434C54008CEDF6 /* Sources */ = {
			isa = PBXSourcesBuildPhase;
			buildActionMask = 2147483647;
			files = (
				3C5709B62B434C54008CEDF6 /* ContentView.swift in Sources */,
				3C7E103B2B48E0F100C3E663 /* UserSessionManager.swift in Sources */,
				3C5709C62B4353A6008CEDF6 /* Profile.swift in Sources */,
				3C5709D02B4355F2008CEDF6 /* PersonalInfoView.swift in Sources */,
				3C2FE5E22B4FA7A2007F5429 /* testview.swift in Sources */,
				3C7E10352B46422900C3E663 /* LoginView.swift in Sources */,
				3C7E103D2B48E2BB00C3E663 /* SettingsView.swift in Sources */,
				3C7E102F2B45C18700C3E663 /* RetrievedProfile.swift in Sources */,
				3C5709CC2B435575008CEDF6 /* GenericInfoView.swift in Sources */,
				3C2FE5D42B4CB049007F5429 /* MatchView.swift in Sources */,
				3C2FE5D02B4CB02C007F5429 /* RateView.swift in Sources */,
				3C5709CE2B4355CC008CEDF6 /* DemographicInfoView.swift in Sources */,
				3C570A292B43D054008CEDF6 /* ImagePicker.swift in Sources */,
				3C570A4F2B44F71C008CEDF6 /* LocationManager.swift in Sources */,
				3C5709B42B434C54008CEDF6 /* RatenDateApp.swift in Sources */,
				3C570A252B43C4B7008CEDF6 /* PhotoUploadView.swift in Sources */,
				3C7E102D2B45C11B00C3E663 /* FirebaseService.swift in Sources */,
				3C7E10312B45C2D500C3E663 /* ProfileView.swift in Sources */,
				3C7E10332B45C42A00C3E663 /* ProfileStackView.swift in Sources */,
				3C2FE5CE2B4B8F44007F5429 /* EmailPassView.swift in Sources */,
				3C7E103F2B48E2EA00C3E663 /* MainTabView.swift in Sources */,
				3C2FE5D22B4CB03E007F5429 /* LikesMeView.swift in Sources */,
				3C7E10412B49241900C3E663 /* LoadingView.swift in Sources */,
				3C5709D22B435731008CEDF6 /* SequentialSignUpView.swift in Sources */,
			);
			runOnlyForDeploymentPostprocessing = 0;
		};
/* End PBXSourcesBuildPhase section */

/* Begin XCBuildConfiguration section */
		3C5709BC2B434C56008CEDF6 /* Debug */ = {
			isa = XCBuildConfiguration;
			buildSettings = {
				ALWAYS_SEARCH_USER_PATHS = NO;
				ASSETCATALOG_COMPILER_GENERATE_SWIFT_ASSET_SYMBOL_EXTENSIONS = YES;
				CLANG_ANALYZER_NONNULL = YES;
				CLANG_ANALYZER_NUMBER_OBJECT_CONVERSION = YES_AGGRESSIVE;
				CLANG_CXX_LANGUAGE_STANDARD = "gnu++20";
				CLANG_ENABLE_MODULES = YES;
				CLANG_ENABLE_OBJC_ARC = YES;
				CLANG_ENABLE_OBJC_WEAK = YES;
				CLANG_WARN_BLOCK_CAPTURE_AUTORELEASING = YES;
				CLANG_WARN_BOOL_CONVERSION = YES;
				CLANG_WARN_COMMA = YES;
				CLANG_WARN_CONSTANT_CONVERSION = YES;
				CLANG_WARN_DEPRECATED_OBJC_IMPLEMENTATIONS = YES;
				CLANG_WARN_DIRECT_OBJC_ISA_USAGE = YES_ERROR;
				CLANG_WARN_DOCUMENTATION_COMMENTS = YES;
				CLANG_WARN_EMPTY_BODY = YES;
				CLANG_WARN_ENUM_CONVERSION = YES;
				CLANG_WARN_INFINITE_RECURSION = YES;
				CLANG_WARN_INT_CONVERSION = YES;
				CLANG_WARN_NON_LITERAL_NULL_CONVERSION = YES;
				CLANG_WARN_OBJC_IMPLICIT_RETAIN_SELF = YES;
				CLANG_WARN_OBJC_LITERAL_CONVERSION = YES;
				CLANG_WARN_OBJC_ROOT_CLASS = YES_ERROR;
				CLANG_WARN_QUOTED_INCLUDE_IN_FRAMEWORK_HEADER = YES;
				CLANG_WARN_RANGE_LOOP_ANALYSIS = YES;
				CLANG_WARN_STRICT_PROTOTYPES = YES;
				CLANG_WARN_SUSPICIOUS_MOVE = YES;
				CLANG_WARN_UNGUARDED_AVAILABILITY = YES_AGGRESSIVE;
				CLANG_WARN_UNREACHABLE_CODE = YES;
				CLANG_WARN__DUPLICATE_METHOD_MATCH = YES;
				COPY_PHASE_STRIP = NO;
				DEBUG_INFORMATION_FORMAT = dwarf;
				ENABLE_STRICT_OBJC_MSGSEND = YES;
				ENABLE_TESTABILITY = YES;
				ENABLE_USER_SCRIPT_SANDBOXING = YES;
				GCC_C_LANGUAGE_STANDARD = gnu17;
				GCC_DYNAMIC_NO_PIC = NO;
				GCC_NO_COMMON_BLOCKS = YES;
				GCC_OPTIMIZATION_LEVEL = 0;
				GCC_PREPROCESSOR_DEFINITIONS = (
					"DEBUG=1",
					"$(inherited)",
				);
				GCC_WARN_64_TO_32_BIT_CONVERSION = YES;
				GCC_WARN_ABOUT_RETURN_TYPE = YES_ERROR;
				GCC_WARN_UNDECLARED_SELECTOR = YES;
				GCC_WARN_UNINITIALIZED_AUTOS = YES_AGGRESSIVE;
				GCC_WARN_UNUSED_FUNCTION = YES;
				GCC_WARN_UNUSED_VARIABLE = YES;
				IPHONEOS_DEPLOYMENT_TARGET = 17.2;
				LOCALIZATION_PREFERS_STRING_CATALOGS = YES;
				MTL_ENABLE_DEBUG_INFO = INCLUDE_SOURCE;
				MTL_FAST_MATH = YES;
				ONLY_ACTIVE_ARCH = YES;
				SDKROOT = iphoneos;
				SWIFT_ACTIVE_COMPILATION_CONDITIONS = "DEBUG $(inherited)";
				SWIFT_OPTIMIZATION_LEVEL = "-Onone";
			};
			name = Debug;
		};
		3C5709BD2B434C56008CEDF6 /* Release */ = {
			isa = XCBuildConfiguration;
			buildSettings = {
				ALWAYS_SEARCH_USER_PATHS = NO;
				ASSETCATALOG_COMPILER_GENERATE_SWIFT_ASSET_SYMBOL_EXTENSIONS = YES;
				CLANG_ANALYZER_NONNULL = YES;
				CLANG_ANALYZER_NUMBER_OBJECT_CONVERSION = YES_AGGRESSIVE;
				CLANG_CXX_LANGUAGE_STANDARD = "gnu++20";
				CLANG_ENABLE_MODULES = YES;
				CLANG_ENABLE_OBJC_ARC = YES;
				CLANG_ENABLE_OBJC_WEAK = YES;
				CLANG_WARN_BLOCK_CAPTURE_AUTORELEASING = YES;
				CLANG_WARN_BOOL_CONVERSION = YES;
				CLANG_WARN_COMMA = YES;
				CLANG_WARN_CONSTANT_CONVERSION = YES;
				CLANG_WARN_DEPRECATED_OBJC_IMPLEMENTATIONS = YES;
				CLANG_WARN_DIRECT_OBJC_ISA_USAGE = YES_ERROR;
				CLANG_WARN_DOCUMENTATION_COMMENTS = YES;
				CLANG_WARN_EMPTY_BODY = YES;
				CLANG_WARN_ENUM_CONVERSION = YES;
				CLANG_WARN_INFINITE_RECURSION = YES;
				CLANG_WARN_INT_CONVERSION = YES;
				CLANG_WARN_NON_LITERAL_NULL_CONVERSION = YES;
				CLANG_WARN_OBJC_IMPLICIT_RETAIN_SELF = YES;
				CLANG_WARN_OBJC_LITERAL_CONVERSION = YES;
				CLANG_WARN_OBJC_ROOT_CLASS = YES_ERROR;
				CLANG_WARN_QUOTED_INCLUDE_IN_FRAMEWORK_HEADER = YES;
				CLANG_WARN_RANGE_LOOP_ANALYSIS = YES;
				CLANG_WARN_STRICT_PROTOTYPES = YES;
				CLANG_WARN_SUSPICIOUS_MOVE = YES;
				CLANG_WARN_UNGUARDED_AVAILABILITY = YES_AGGRESSIVE;
				CLANG_WARN_UNREACHABLE_CODE = YES;
				CLANG_WARN__DUPLICATE_METHOD_MATCH = YES;
				COPY_PHASE_STRIP = NO;
				DEBUG_INFORMATION_FORMAT = "dwarf-with-dsym";
				ENABLE_NS_ASSERTIONS = NO;
				ENABLE_STRICT_OBJC_MSGSEND = YES;
				ENABLE_USER_SCRIPT_SANDBOXING = YES;
				GCC_C_LANGUAGE_STANDARD = gnu17;
				GCC_NO_COMMON_BLOCKS = YES;
				GCC_WARN_64_TO_32_BIT_CONVERSION = YES;
				GCC_WARN_ABOUT_RETURN_TYPE = YES_ERROR;
				GCC_WARN_UNDECLARED_SELECTOR = YES;
				GCC_WARN_UNINITIALIZED_AUTOS = YES_AGGRESSIVE;
				GCC_WARN_UNUSED_FUNCTION = YES;
				GCC_WARN_UNUSED_VARIABLE = YES;
				IPHONEOS_DEPLOYMENT_TARGET = 17.2;
				LOCALIZATION_PREFERS_STRING_CATALOGS = YES;
				MTL_ENABLE_DEBUG_INFO = NO;
				MTL_FAST_MATH = YES;
				SDKROOT = iphoneos;
				SWIFT_COMPILATION_MODE = wholemodule;
				VALIDATE_PRODUCT = YES;
			};
			name = Release;
		};
		3C5709BF2B434C56008CEDF6 /* Debug */ = {
			isa = XCBuildConfiguration;
			buildSettings = {
				ASSETCATALOG_COMPILER_APPICON_NAME = AppIcon;
				ASSETCATALOG_COMPILER_GLOBAL_ACCENT_COLOR_NAME = AccentColor;
				CODE_SIGN_STYLE = Automatic;
				CURRENT_PROJECT_VERSION = 1;
				DEVELOPMENT_ASSET_PATHS = "\"RatenDate/Preview Content\"";
				DEVELOPMENT_TEAM = GAMD5U5SSA;
				ENABLE_PREVIEWS = YES;
				GENERATE_INFOPLIST_FILE = YES;
				INFOPLIST_FILE = RatenDate/Info.plist;
				INFOPLIST_KEY_CFBundleDisplayName = LemonLime;
				INFOPLIST_KEY_NSLocationWhenInUseUsageDescription = "";
				INFOPLIST_KEY_UIApplicationSceneManifest_Generation = YES;
				INFOPLIST_KEY_UIApplicationSupportsIndirectInputEvents = YES;
				INFOPLIST_KEY_UILaunchScreen_Generation = YES;
				INFOPLIST_KEY_UISupportedInterfaceOrientations_iPad = "UIInterfaceOrientationPortrait UIInterfaceOrientationPortraitUpsideDown UIInterfaceOrientationLandscapeLeft UIInterfaceOrientationLandscapeRight";
				INFOPLIST_KEY_UISupportedInterfaceOrientations_iPhone = "UIInterfaceOrientationPortrait UIInterfaceOrientationLandscapeLeft UIInterfaceOrientationLandscapeRight";
				LD_RUNPATH_SEARCH_PATHS = (
					"$(inherited)",
					"@executable_path/Frameworks",
				);
				MARKETING_VERSION = 1.0;
				PRODUCT_BUNDLE_IDENTIFIER = shivam.RatenDate;
				PRODUCT_NAME = "$(TARGET_NAME)";
				SWIFT_EMIT_LOC_STRINGS = YES;
				SWIFT_VERSION = 5.0;
				TARGETED_DEVICE_FAMILY = "1,2";
			};
			name = Debug;
		};
		3C5709C02B434C56008CEDF6 /* Release */ = {
			isa = XCBuildConfiguration;
			buildSettings = {
				ASSETCATALOG_COMPILER_APPICON_NAME = AppIcon;
				ASSETCATALOG_COMPILER_GLOBAL_ACCENT_COLOR_NAME = AccentColor;
				CODE_SIGN_STYLE = Automatic;
				CURRENT_PROJECT_VERSION = 1;
				DEVELOPMENT_ASSET_PATHS = "\"RatenDate/Preview Content\"";
				DEVELOPMENT_TEAM = GAMD5U5SSA;
				ENABLE_PREVIEWS = YES;
				GENERATE_INFOPLIST_FILE = YES;
				INFOPLIST_FILE = RatenDate/Info.plist;
				INFOPLIST_KEY_CFBundleDisplayName = LemonLime;
				INFOPLIST_KEY_NSLocationWhenInUseUsageDescription = "";
				INFOPLIST_KEY_UIApplicationSceneManifest_Generation = YES;
				INFOPLIST_KEY_UIApplicationSupportsIndirectInputEvents = YES;
				INFOPLIST_KEY_UILaunchScreen_Generation = YES;
				INFOPLIST_KEY_UISupportedInterfaceOrientations_iPad = "UIInterfaceOrientationPortrait UIInterfaceOrientationPortraitUpsideDown UIInterfaceOrientationLandscapeLeft UIInterfaceOrientationLandscapeRight";
				INFOPLIST_KEY_UISupportedInterfaceOrientations_iPhone = "UIInterfaceOrientationPortrait UIInterfaceOrientationLandscapeLeft UIInterfaceOrientationLandscapeRight";
				LD_RUNPATH_SEARCH_PATHS = (
					"$(inherited)",
					"@executable_path/Frameworks",
				);
				MARKETING_VERSION = 1.0;
				PRODUCT_BUNDLE_IDENTIFIER = shivam.RatenDate;
				PRODUCT_NAME = "$(TARGET_NAME)";
				SWIFT_EMIT_LOC_STRINGS = YES;
				SWIFT_VERSION = 5.0;
				TARGETED_DEVICE_FAMILY = "1,2";
			};
			name = Release;
		};
/* End XCBuildConfiguration section */

/* Begin XCConfigurationList section */
		3C5709AB2B434C54008CEDF6 /* Build configuration list for PBXProject "RatenDate" */ = {
			isa = XCConfigurationList;
			buildConfigurations = (
				3C5709BC2B434C56008CEDF6 /* Debug */,
				3C5709BD2B434C56008CEDF6 /* Release */,
			);
			defaultConfigurationIsVisible = 0;
			defaultConfigurationName = Release;
		};
		3C5709BE2B434C56008CEDF6 /* Build configuration list for PBXNativeTarget "RatenDate" */ = {
			isa = XCConfigurationList;
			buildConfigurations = (
				3C5709BF2B434C56008CEDF6 /* Debug */,
				3C5709C02B434C56008CEDF6 /* Release */,
			);
			defaultConfigurationIsVisible = 0;
			defaultConfigurationName = Release;
		};
/* End XCConfigurationList section */

/* Begin XCRemoteSwiftPackageReference section */
		3C5709D32B435C3D008CEDF6 /* XCRemoteSwiftPackageReference "firebase-ios-sdk" */ = {
			isa = XCRemoteSwiftPackageReference;
			repositoryURL = "https://github.com/firebase/firebase-ios-sdk";
			requirement = {
				kind = upToNextMajorVersion;
				minimumVersion = 10.19.1;
			};
		};
/* End XCRemoteSwiftPackageReference section */

/* Begin XCSwiftPackageProductDependency section */
		3C5709D42B435C3D008CEDF6 /* FirebaseAnalytics */ = {
			isa = XCSwiftPackageProductDependency;
			package = 3C5709D32B435C3D008CEDF6 /* XCRemoteSwiftPackageReference "firebase-ios-sdk" */;
			productName = FirebaseAnalytics;
		};
		3C5709D62B435C3D008CEDF6 /* FirebaseAnalyticsOnDeviceConversion */ = {
			isa = XCSwiftPackageProductDependency;
			package = 3C5709D32B435C3D008CEDF6 /* XCRemoteSwiftPackageReference "firebase-ios-sdk" */;
			productName = FirebaseAnalyticsOnDeviceConversion;
		};
		3C5709D82B435C3D008CEDF6 /* FirebaseAnalyticsSwift */ = {
			isa = XCSwiftPackageProductDependency;
			package = 3C5709D32B435C3D008CEDF6 /* XCRemoteSwiftPackageReference "firebase-ios-sdk" */;
			productName = FirebaseAnalyticsSwift;
		};
		3C5709DA2B435C3D008CEDF6 /* FirebaseAnalyticsWithoutAdIdSupport */ = {
			isa = XCSwiftPackageProductDependency;
			package = 3C5709D32B435C3D008CEDF6 /* XCRemoteSwiftPackageReference "firebase-ios-sdk" */;
			productName = FirebaseAnalyticsWithoutAdIdSupport;
		};
		3C5709DC2B435C3D008CEDF6 /* FirebaseAppCheck */ = {
			isa = XCSwiftPackageProductDependency;
			package = 3C5709D32B435C3D008CEDF6 /* XCRemoteSwiftPackageReference "firebase-ios-sdk" */;
			productName = FirebaseAppCheck;
		};
		3C5709E02B435F64008CEDF6 /* FirebaseAnalytics */ = {
			isa = XCSwiftPackageProductDependency;
			package = 3C5709D32B435C3D008CEDF6 /* XCRemoteSwiftPackageReference "firebase-ios-sdk" */;
			productName = FirebaseAnalytics;
		};
		3C5709E22B435F64008CEDF6 /* FirebaseAnalyticsOnDeviceConversion */ = {
			isa = XCSwiftPackageProductDependency;
			package = 3C5709D32B435C3D008CEDF6 /* XCRemoteSwiftPackageReference "firebase-ios-sdk" */;
			productName = FirebaseAnalyticsOnDeviceConversion;
		};
		3C5709E42B435F64008CEDF6 /* FirebaseAnalyticsSwift */ = {
			isa = XCSwiftPackageProductDependency;
			package = 3C5709D32B435C3D008CEDF6 /* XCRemoteSwiftPackageReference "firebase-ios-sdk" */;
			productName = FirebaseAnalyticsSwift;
		};
		3C5709E62B435F64008CEDF6 /* FirebaseAnalyticsWithoutAdIdSupport */ = {
			isa = XCSwiftPackageProductDependency;
			package = 3C5709D32B435C3D008CEDF6 /* XCRemoteSwiftPackageReference "firebase-ios-sdk" */;
			productName = FirebaseAnalyticsWithoutAdIdSupport;
		};
		3C5709E82B435F64008CEDF6 /* FirebaseAppCheck */ = {
			isa = XCSwiftPackageProductDependency;
			package = 3C5709D32B435C3D008CEDF6 /* XCRemoteSwiftPackageReference "firebase-ios-sdk" */;
			productName = FirebaseAppCheck;
		};
		3C5709EA2B435FB2008CEDF6 /* FirebaseAnalytics */ = {
			isa = XCSwiftPackageProductDependency;
			package = 3C5709D32B435C3D008CEDF6 /* XCRemoteSwiftPackageReference "firebase-ios-sdk" */;
			productName = FirebaseAnalytics;
		};
		3C5709EC2B435FB2008CEDF6 /* FirebaseAnalyticsOnDeviceConversion */ = {
			isa = XCSwiftPackageProductDependency;
			package = 3C5709D32B435C3D008CEDF6 /* XCRemoteSwiftPackageReference "firebase-ios-sdk" */;
			productName = FirebaseAnalyticsOnDeviceConversion;
		};
		3C5709EE2B435FB2008CEDF6 /* FirebaseAnalyticsSwift */ = {
			isa = XCSwiftPackageProductDependency;
			package = 3C5709D32B435C3D008CEDF6 /* XCRemoteSwiftPackageReference "firebase-ios-sdk" */;
			productName = FirebaseAnalyticsSwift;
		};
		3C5709F02B435FB2008CEDF6 /* FirebaseAnalyticsWithoutAdIdSupport */ = {
			isa = XCSwiftPackageProductDependency;
			package = 3C5709D32B435C3D008CEDF6 /* XCRemoteSwiftPackageReference "firebase-ios-sdk" */;
			productName = FirebaseAnalyticsWithoutAdIdSupport;
		};
		3C5709F22B435FB2008CEDF6 /* FirebaseAppCheck */ = {
			isa = XCSwiftPackageProductDependency;
			package = 3C5709D32B435C3D008CEDF6 /* XCRemoteSwiftPackageReference "firebase-ios-sdk" */;
			productName = FirebaseAppCheck;
		};
		3C5709F42B435FB2008CEDF6 /* FirebaseAppDistribution-Beta */ = {
			isa = XCSwiftPackageProductDependency;
			package = 3C5709D32B435C3D008CEDF6 /* XCRemoteSwiftPackageReference "firebase-ios-sdk" */;
			productName = "FirebaseAppDistribution-Beta";
		};
		3C5709F62B435FB2008CEDF6 /* FirebaseAuth */ = {
			isa = XCSwiftPackageProductDependency;
			package = 3C5709D32B435C3D008CEDF6 /* XCRemoteSwiftPackageReference "firebase-ios-sdk" */;
			productName = FirebaseAuth;
		};
		3C5709F82B435FB2008CEDF6 /* FirebaseAuthCombine-Community */ = {
			isa = XCSwiftPackageProductDependency;
			package = 3C5709D32B435C3D008CEDF6 /* XCRemoteSwiftPackageReference "firebase-ios-sdk" */;
			productName = "FirebaseAuthCombine-Community";
		};
		3C5709FA2B435FB2008CEDF6 /* FirebaseCrashlytics */ = {
			isa = XCSwiftPackageProductDependency;
			package = 3C5709D32B435C3D008CEDF6 /* XCRemoteSwiftPackageReference "firebase-ios-sdk" */;
			productName = FirebaseCrashlytics;
		};
		3C5709FC2B435FB2008CEDF6 /* FirebaseDatabase */ = {
			isa = XCSwiftPackageProductDependency;
			package = 3C5709D32B435C3D008CEDF6 /* XCRemoteSwiftPackageReference "firebase-ios-sdk" */;
			productName = FirebaseDatabase;
		};
		3C5709FE2B435FB2008CEDF6 /* FirebaseDatabaseSwift */ = {
			isa = XCSwiftPackageProductDependency;
			package = 3C5709D32B435C3D008CEDF6 /* XCRemoteSwiftPackageReference "firebase-ios-sdk" */;
			productName = FirebaseDatabaseSwift;
		};
		3C570A002B435FB2008CEDF6 /* FirebaseDynamicLinks */ = {
			isa = XCSwiftPackageProductDependency;
			package = 3C5709D32B435C3D008CEDF6 /* XCRemoteSwiftPackageReference "firebase-ios-sdk" */;
			productName = FirebaseDynamicLinks;
		};
		3C570A022B435FB2008CEDF6 /* FirebaseFirestore */ = {
			isa = XCSwiftPackageProductDependency;
			package = 3C5709D32B435C3D008CEDF6 /* XCRemoteSwiftPackageReference "firebase-ios-sdk" */;
			productName = FirebaseFirestore;
		};
		3C570A042B435FB2008CEDF6 /* FirebaseFirestoreCombine-Community */ = {
			isa = XCSwiftPackageProductDependency;
			package = 3C5709D32B435C3D008CEDF6 /* XCRemoteSwiftPackageReference "firebase-ios-sdk" */;
			productName = "FirebaseFirestoreCombine-Community";
		};
		3C570A062B435FB2008CEDF6 /* FirebaseFirestoreSwift */ = {
			isa = XCSwiftPackageProductDependency;
			package = 3C5709D32B435C3D008CEDF6 /* XCRemoteSwiftPackageReference "firebase-ios-sdk" */;
			productName = FirebaseFirestoreSwift;
		};
		3C570A082B435FB2008CEDF6 /* FirebaseFunctions */ = {
			isa = XCSwiftPackageProductDependency;
			package = 3C5709D32B435C3D008CEDF6 /* XCRemoteSwiftPackageReference "firebase-ios-sdk" */;
			productName = FirebaseFunctions;
		};
		3C570A0A2B435FB2008CEDF6 /* FirebaseFunctionsCombine-Community */ = {
			isa = XCSwiftPackageProductDependency;
			package = 3C5709D32B435C3D008CEDF6 /* XCRemoteSwiftPackageReference "firebase-ios-sdk" */;
			productName = "FirebaseFunctionsCombine-Community";
		};
		3C570A0C2B435FB2008CEDF6 /* FirebaseInAppMessaging-Beta */ = {
			isa = XCSwiftPackageProductDependency;
			package = 3C5709D32B435C3D008CEDF6 /* XCRemoteSwiftPackageReference "firebase-ios-sdk" */;
			productName = "FirebaseInAppMessaging-Beta";
		};
		3C570A0E2B435FB2008CEDF6 /* FirebaseInAppMessagingSwift-Beta */ = {
			isa = XCSwiftPackageProductDependency;
			package = 3C5709D32B435C3D008CEDF6 /* XCRemoteSwiftPackageReference "firebase-ios-sdk" */;
			productName = "FirebaseInAppMessagingSwift-Beta";
		};
		3C570A102B435FB2008CEDF6 /* FirebaseInstallations */ = {
			isa = XCSwiftPackageProductDependency;
			package = 3C5709D32B435C3D008CEDF6 /* XCRemoteSwiftPackageReference "firebase-ios-sdk" */;
			productName = FirebaseInstallations;
		};
		3C570A122B435FB2008CEDF6 /* FirebaseMLModelDownloader */ = {
			isa = XCSwiftPackageProductDependency;
			package = 3C5709D32B435C3D008CEDF6 /* XCRemoteSwiftPackageReference "firebase-ios-sdk" */;
			productName = FirebaseMLModelDownloader;
		};
		3C570A142B435FB2008CEDF6 /* FirebaseMessaging */ = {
			isa = XCSwiftPackageProductDependency;
			package = 3C5709D32B435C3D008CEDF6 /* XCRemoteSwiftPackageReference "firebase-ios-sdk" */;
			productName = FirebaseMessaging;
		};
		3C570A162B435FB2008CEDF6 /* FirebasePerformance */ = {
			isa = XCSwiftPackageProductDependency;
			package = 3C5709D32B435C3D008CEDF6 /* XCRemoteSwiftPackageReference "firebase-ios-sdk" */;
			productName = FirebasePerformance;
		};
		3C570A182B435FB2008CEDF6 /* FirebaseRemoteConfig */ = {
			isa = XCSwiftPackageProductDependency;
			package = 3C5709D32B435C3D008CEDF6 /* XCRemoteSwiftPackageReference "firebase-ios-sdk" */;
			productName = FirebaseRemoteConfig;
		};
		3C570A1A2B435FB2008CEDF6 /* FirebaseRemoteConfigSwift */ = {
			isa = XCSwiftPackageProductDependency;
			package = 3C5709D32B435C3D008CEDF6 /* XCRemoteSwiftPackageReference "firebase-ios-sdk" */;
			productName = FirebaseRemoteConfigSwift;
		};
		3C570A1C2B435FB2008CEDF6 /* FirebaseStorage */ = {
			isa = XCSwiftPackageProductDependency;
			package = 3C5709D32B435C3D008CEDF6 /* XCRemoteSwiftPackageReference "firebase-ios-sdk" */;
			productName = FirebaseStorage;
		};
		3C570A1E2B435FB2008CEDF6 /* FirebaseStorageCombine-Community */ = {
			isa = XCSwiftPackageProductDependency;
			package = 3C5709D32B435C3D008CEDF6 /* XCRemoteSwiftPackageReference "firebase-ios-sdk" */;
			productName = "FirebaseStorageCombine-Community";
		};
/* End XCSwiftPackageProductDependency section */
	};
	rootObject = 3C5709A82B434C54008CEDF6 /* Project object */;
}
